{
  "name": "af-test-boilerplate",
  "version": "0.1.0",
  "lockfileVersion": 3,
  "requires": true,
  "packages": {
    "": {
      "name": "af-test-boilerplate",
      "version": "0.1.0",
      "workspaces": [
        "agents",
        "AIarchitecture",
        "backend",
        "frontend"
      ]
    }
  }
}
